
Microsoft Visual Studio Solution File, Format Version 12.00
# Visual Studio Version 17
VisualStudioVersion = 17.7.34009.444
MinimumVisualStudioVersion = 10.0.40219.1
Project("{8BC9CEB8-8B4A-11D0-8D11-00A0C91BC942}") = "Project Public Transport", "Project Public Transport\Project Public Transport.vcxproj", "{B756D5F5-F608-4F31-9CDD-A600FD0FC87C}"
EndProject
Global
	GlobalSection(SolutionConfigurationPlatforms) = preSolution
		Debug|x64 = Debug|x64
		Debug|x86 = Debug|x86
		Release|x64 = Release|x64
		Release|x86 = Release|x86
	EndGlobalSection
	GlobalSection(ProjectConfigurationPlatforms) = postSolution
		{B756D5F5-F608-4F31-9CDD-A600FD0FC87C}.Debug|x64.ActiveCfg = Debug|x64
		{B756D5F5-F608-4F31-9CDD-A600FD0FC87C}.Debug|x64.Build.0 = Debug|x64
		{B756D5F5-F608-4F31-9CDD-A600FD0FC87C}.Debug|x86.ActiveCfg = Debug|Win32
		{B756D5F5-F608-4F31-9CDD-A600FD0FC87C}.Debug|x86.Build.0 = Debug|Win32
		{B756D5F5-F608-4F31-9CDD-A600FD0FC87C}.Release|x64.ActiveCfg = Release|x64
		{B756D5F5-F608-4F31-9CDD-A600FD0FC87C}.Release|x64.Build.0 = Release|x64
		{B756D5F5-F608-4F31-9CDD-A600FD0FC87C}.Release|x86.ActiveCfg = Release|Win32
		{B756D5F5-F608-4F31-9CDD-A600FD0FC87C}.Release|x86.Build.0 = Release|Win32
	EndGlobalSection
	GlobalSection(SolutionProperties) = preSolution
		HideSolutionNode = FALSE
	EndGlobalSection
	GlobalSection(ExtensibilityGlobals) = postSolution
		SolutionGuid = {7EAA78FC-3698-4AD2-A312-79599A327017}
	EndGlobalSection
EndGlobal
